
Microsoft Visual Studio Solution File, Format Version 12.00
# Visual Studio 2012
Project("{FAE04EC0-301F-11D3-BF4B-00C04F79EFBC}") = "MySQL", "MySQL\MySQL.csproj", "{11A2C1CB-D57F-4C36-9EC4-26D4BFB141DB}"
EndProject
Global
	GlobalSection(SolutionConfigurationPlatforms) = preSolution
		Debug|Any CPU = Debug|Any CPU
		Release|Any CPU = Release|Any CPU
	EndGlobalSection
	GlobalSection(ProjectConfigurationPlatforms) = postSolution
		{11A2C1CB-D57F-4C36-9EC4-26D4BFB141DB}.Debug|Any CPU.ActiveCfg = Debug|Any CPU
		{11A2C1CB-D57F-4C36-9EC4-26D4BFB141DB}.Debug|Any CPU.Build.0 = Debug|Any CPU
		{11A2C1CB-D57F-4C36-9EC4-26D4BFB141DB}.Release|Any CPU.ActiveCfg = Release|Any CPU
		{11A2C1CB-D57F-4C36-9EC4-26D4BFB141DB}.Release|Any CPU.Build.0 = Release|Any CPU
	EndGlobalSection
	GlobalSection(SolutionProperties) = preSolution
		HideSolutionNode = FALSE
	EndGlobalSection
EndGlobal
