
Microsoft Visual Studio Solution File, Format Version 12.00
# Visual Studio 2012
Project("{FAE04EC0-301F-11D3-BF4B-00C04F79EFBC}") = "Joueur", "Joueur\Joueur.csproj", "{B0352D78-D42E-4005-85C8-9862B3276735}"
EndProject
Global
	GlobalSection(SolutionConfigurationPlatforms) = preSolution
		Debug|Any CPU = Debug|Any CPU
		Release|Any CPU = Release|Any CPU
	EndGlobalSection
	GlobalSection(ProjectConfigurationPlatforms) = postSolution
		{B0352D78-D42E-4005-85C8-9862B3276735}.Debug|Any CPU.ActiveCfg = Debug|Any CPU
		{B0352D78-D42E-4005-85C8-9862B3276735}.Debug|Any CPU.Build.0 = Debug|Any CPU
		{B0352D78-D42E-4005-85C8-9862B3276735}.Release|Any CPU.ActiveCfg = Release|Any CPU
		{B0352D78-D42E-4005-85C8-9862B3276735}.Release|Any CPU.Build.0 = Release|Any CPU
	EndGlobalSection
	GlobalSection(SolutionProperties) = preSolution
		HideSolutionNode = FALSE
	EndGlobalSection
EndGlobal
